{
  "object": {
    "pins": [
      {
        "package": "SwiftUICharts",
        "repositoryURL": "https://github.com/SumiMakito/ChartView.git",
        "state": {
          "branch": null,
          "revision": "5670844a754630ea7c95164ea42b4fed2859f832",
          "version": null
        }
      }
    ]
  },
  "version": 1
}
