{
  "object": {
    "pins": [
      {
        "package": "SwiftUICharts",
        "repositoryURL": "https://github.com/SumiMakito/ChartView.git",
        "state": {
          "branch": null,
          "revision": "dce7ba7661f61af7ac7925a33a4373359e3e9dc7",
          "version": null
        }
      }
    ]
  },
  "version": 1
}
